PODS:
  - GRDB.swift (5.3.0):
    - GRDB.swift/standard (= 5.3.0)
  - GRDB.swift/standard (5.3.0)

DEPENDENCIES:
  - GRDB.swift

SPEC REPOS:
  trunk:
    - GRDB.swift

SPEC CHECKSUMS:
  GRDB.swift: 6d44795b19d716e9f09f19018c3bde5b71b67ae9

PODFILE CHECKSUM: a623a97065237445993fabb1130d3cfc1dc27722

COCOAPODS: 1.11.2
